
Microsoft Visual Studio Solution File, Format Version 12.00
# 
Project("{FAE04EC0-301F-11D3-BF4B-00C04F79EFBC}") = "Route53DDns", "Route53DDns\Route53DDns.csproj", "{314F18E3-B51C-4AC9-BB80-40AD8EDF9C2D}"
EndProject
Project("{FAE04EC0-301F-11D3-BF4B-00C04F79EFBC}") = "Route53DDns.Tests", "Route53DDns.Tests\Route53DDns.Tests.csproj", "{314E343C-2EC6-4BC0-AC76-FDFB57D7685E}"
EndProject
Global
	GlobalSection(SolutionConfigurationPlatforms) = preSolution
		Debug|Any CPU = Debug|Any CPU
		Release|Any CPU = Release|Any CPU
	EndGlobalSection
	GlobalSection(ProjectConfigurationPlatforms) = postSolution
		{314F18E3-B51C-4AC9-BB80-40AD8EDF9C2D}.Debug|Any CPU.ActiveCfg = Debug|Any CPU
		{314F18E3-B51C-4AC9-BB80-40AD8EDF9C2D}.Debug|Any CPU.Build.0 = Debug|Any CPU
		{314F18E3-B51C-4AC9-BB80-40AD8EDF9C2D}.Release|Any CPU.ActiveCfg = Release|Any CPU
		{314F18E3-B51C-4AC9-BB80-40AD8EDF9C2D}.Release|Any CPU.Build.0 = Release|Any CPU
		{314E343C-2EC6-4BC0-AC76-FDFB57D7685E}.Debug|Any CPU.ActiveCfg = Debug|Any CPU
		{314E343C-2EC6-4BC0-AC76-FDFB57D7685E}.Debug|Any CPU.Build.0 = Debug|Any CPU
		{314E343C-2EC6-4BC0-AC76-FDFB57D7685E}.Release|Any CPU.ActiveCfg = Release|Any CPU
		{314E343C-2EC6-4BC0-AC76-FDFB57D7685E}.Release|Any CPU.Build.0 = Release|Any CPU
	EndGlobalSection
EndGlobal
